
Microsoft Visual Studio Solution File, Format Version 12.00
# Visual Studio for Mac
Project("{FAE04EC0-301F-11D3-BF4B-00C04F79EFBC}") = "Zombie runner.Plugins", "Zombie runner.Plugins.csproj", "{8569A7BE-859E-70D0-6AB7-F9C5F89570DA}"
EndProject
Project("{FAE04EC0-301F-11D3-BF4B-00C04F79EFBC}") = "Zombie runner.Editor", "Zombie runner.Editor.csproj", "{C94A07C5-6F10-99FD-ED52-AE5027F728EF}"
EndProject
Project("{FAE04EC0-301F-11D3-BF4B-00C04F79EFBC}") = "Zombie runner", "Zombie runner.csproj", "{E5173CA0-B348-4C82-1393-A4E8250429A7}"
EndProject
Global
	GlobalSection(SolutionConfigurationPlatforms) = preSolution
		Debug|Any CPU = Debug|Any CPU
		Release|Any CPU = Release|Any CPU
	EndGlobalSection
	GlobalSection(ProjectConfigurationPlatforms) = postSolution
		{8569A7BE-859E-70D0-6AB7-F9C5F89570DA}.Debug|Any CPU.ActiveCfg = Debug|Any CPU
		{8569A7BE-859E-70D0-6AB7-F9C5F89570DA}.Debug|Any CPU.Build.0 = Debug|Any CPU
		{8569A7BE-859E-70D0-6AB7-F9C5F89570DA}.Release|Any CPU.ActiveCfg = Release|Any CPU
		{8569A7BE-859E-70D0-6AB7-F9C5F89570DA}.Release|Any CPU.Build.0 = Release|Any CPU
		{C94A07C5-6F10-99FD-ED52-AE5027F728EF}.Debug|Any CPU.ActiveCfg = Debug|Any CPU
		{C94A07C5-6F10-99FD-ED52-AE5027F728EF}.Debug|Any CPU.Build.0 = Debug|Any CPU
		{C94A07C5-6F10-99FD-ED52-AE5027F728EF}.Release|Any CPU.ActiveCfg = Release|Any CPU
		{C94A07C5-6F10-99FD-ED52-AE5027F728EF}.Release|Any CPU.Build.0 = Release|Any CPU
		{E5173CA0-B348-4C82-1393-A4E8250429A7}.Debug|Any CPU.ActiveCfg = Debug|Any CPU
		{E5173CA0-B348-4C82-1393-A4E8250429A7}.Debug|Any CPU.Build.0 = Debug|Any CPU
		{E5173CA0-B348-4C82-1393-A4E8250429A7}.Release|Any CPU.ActiveCfg = Release|Any CPU
		{E5173CA0-B348-4C82-1393-A4E8250429A7}.Release|Any CPU.Build.0 = Release|Any CPU
	EndGlobalSection
	GlobalSection(SolutionProperties) = preSolution
		HideSolutionNode = FALSE
	EndGlobalSection
EndGlobal
